
Microsoft Visual Studio Solution File, Format Version 12.00
# Visual Studio 15
VisualStudioVersion = 15.0.27428.2037
MinimumVisualStudioVersion = 10.0.40219.1
Project("{8BC9CEB8-8B4A-11D0-8D11-00A0C91BC942}") = "Trabalho 3", "Trabalho 3\Trabalho 3.vcxproj", "{5EB2D339-14BD-42F3-8FD9-73498048C107}"
EndProject
Project("{8BC9CEB8-8B4A-11D0-8D11-00A0C91BC942}") = "Gerador de Cartas", "Gerador de Cartas\Gerador de Cartas.vcxproj", "{39DBD27D-8AFC-4B96-B8DE-1FFA1C9C797B}"
EndProject
Global
	GlobalSection(SolutionConfigurationPlatforms) = preSolution
		Debug|x64 = Debug|x64
		Debug|x86 = Debug|x86
		Release|x64 = Release|x64
		Release|x86 = Release|x86
	EndGlobalSection
	GlobalSection(ProjectConfigurationPlatforms) = postSolution
		{5EB2D339-14BD-42F3-8FD9-73498048C107}.Debug|x64.ActiveCfg = Debug|x64
		{5EB2D339-14BD-42F3-8FD9-73498048C107}.Debug|x64.Build.0 = Debug|x64
		{5EB2D339-14BD-42F3-8FD9-73498048C107}.Debug|x86.ActiveCfg = Debug|Win32
		{5EB2D339-14BD-42F3-8FD9-73498048C107}.Debug|x86.Build.0 = Debug|Win32
		{5EB2D339-14BD-42F3-8FD9-73498048C107}.Release|x64.ActiveCfg = Release|x64
		{5EB2D339-14BD-42F3-8FD9-73498048C107}.Release|x64.Build.0 = Release|x64
		{5EB2D339-14BD-42F3-8FD9-73498048C107}.Release|x86.ActiveCfg = Release|Win32
		{5EB2D339-14BD-42F3-8FD9-73498048C107}.Release|x86.Build.0 = Release|Win32
		{39DBD27D-8AFC-4B96-B8DE-1FFA1C9C797B}.Debug|x64.ActiveCfg = Debug|x64
		{39DBD27D-8AFC-4B96-B8DE-1FFA1C9C797B}.Debug|x64.Build.0 = Debug|x64
		{39DBD27D-8AFC-4B96-B8DE-1FFA1C9C797B}.Debug|x86.ActiveCfg = Debug|Win32
		{39DBD27D-8AFC-4B96-B8DE-1FFA1C9C797B}.Debug|x86.Build.0 = Debug|Win32
		{39DBD27D-8AFC-4B96-B8DE-1FFA1C9C797B}.Release|x64.ActiveCfg = Release|x64
		{39DBD27D-8AFC-4B96-B8DE-1FFA1C9C797B}.Release|x64.Build.0 = Release|x64
		{39DBD27D-8AFC-4B96-B8DE-1FFA1C9C797B}.Release|x86.ActiveCfg = Release|Win32
		{39DBD27D-8AFC-4B96-B8DE-1FFA1C9C797B}.Release|x86.Build.0 = Release|Win32
	EndGlobalSection
	GlobalSection(SolutionProperties) = preSolution
		HideSolutionNode = FALSE
	EndGlobalSection
	GlobalSection(ExtensibilityGlobals) = postSolution
		SolutionGuid = {F4C503F3-CFB2-45CC-A2E2-E02F90BA7107}
	EndGlobalSection
EndGlobal
