
Microsoft Visual Studio Solution File, Format Version 12.00
# Visual Studio 15
VisualStudioVersion = 15.0.27428.2037
MinimumVisualStudioVersion = 10.0.40219.1
Project("{8BC9CEB8-8B4A-11D0-8D11-00A0C91BC942}") = "Laboratorio5", "Laboratorio5\Laboratorio5.vcxproj", "{7B6ECFB2-699D-41CA-8C7F-1C97CC1F24B9}"
EndProject
Global
	GlobalSection(SolutionConfigurationPlatforms) = preSolution
		Debug|x64 = Debug|x64
		Debug|x86 = Debug|x86
		Release|x64 = Release|x64
		Release|x86 = Release|x86
	EndGlobalSection
	GlobalSection(ProjectConfigurationPlatforms) = postSolution
		{7B6ECFB2-699D-41CA-8C7F-1C97CC1F24B9}.Debug|x64.ActiveCfg = Debug|x64
		{7B6ECFB2-699D-41CA-8C7F-1C97CC1F24B9}.Debug|x64.Build.0 = Debug|x64
		{7B6ECFB2-699D-41CA-8C7F-1C97CC1F24B9}.Debug|x86.ActiveCfg = Debug|Win32
		{7B6ECFB2-699D-41CA-8C7F-1C97CC1F24B9}.Debug|x86.Build.0 = Debug|Win32
		{7B6ECFB2-699D-41CA-8C7F-1C97CC1F24B9}.Release|x64.ActiveCfg = Release|x64
		{7B6ECFB2-699D-41CA-8C7F-1C97CC1F24B9}.Release|x64.Build.0 = Release|x64
		{7B6ECFB2-699D-41CA-8C7F-1C97CC1F24B9}.Release|x86.ActiveCfg = Release|Win32
		{7B6ECFB2-699D-41CA-8C7F-1C97CC1F24B9}.Release|x86.Build.0 = Release|Win32
	EndGlobalSection
	GlobalSection(SolutionProperties) = preSolution
		HideSolutionNode = FALSE
	EndGlobalSection
	GlobalSection(ExtensibilityGlobals) = postSolution
		SolutionGuid = {EBAB8AA7-C4C7-422A-B1BE-DD6FD5417591}
	EndGlobalSection
EndGlobal
